
Microsoft Visual Studio Solution File, Format Version 12.00
Project("{FAE04EC0-301F-11D3-BF4B-00C04F79EFBC}") = "F1Pulse", "F1Pulse\F1Pulse.csproj", "{8DD13157-C0D0-4A17-B644-8BBC3866C1E9}"
EndProject
Global
	GlobalSection(SolutionConfigurationPlatforms) = preSolution
		Debug|Any CPU = Debug|Any CPU
		Release|Any CPU = Release|Any CPU
	EndGlobalSection
	GlobalSection(ProjectConfigurationPlatforms) = postSolution
		{8DD13157-C0D0-4A17-B644-8BBC3866C1E9}.Debug|Any CPU.ActiveCfg = Debug|Any CPU
		{8DD13157-C0D0-4A17-B644-8BBC3866C1E9}.Debug|Any CPU.Build.0 = Debug|Any CPU
		{8DD13157-C0D0-4A17-B644-8BBC3866C1E9}.Release|Any CPU.ActiveCfg = Release|Any CPU
		{8DD13157-C0D0-4A17-B644-8BBC3866C1E9}.Release|Any CPU.Build.0 = Release|Any CPU
	EndGlobalSection
EndGlobal
